// !$*UTF8*$!
{
	archiveVersion = 1;
	classes = {
	};
	objectVersion = 51;
	objects = {

/* Begin PBXBuildFile section */
		D01B164F22DB99A400C692A6 /* CommentDate.swift in Sources */ = {isa = PBXBuildFile; fileRef = D01B164E22DB99A400C692A6 /* CommentDate.swift */; };
		D03056C122D6C4950077EF8B /* AppDelegate.swift in Sources */ = {isa = PBXBuildFile; fileRef = D03056C022D6C4950077EF8B /* AppDelegate.swift */; };
		D03056C322D6C4950077EF8B /* ViewController.swift in Sources */ = {isa = PBXBuildFile; fileRef = D03056C222D6C4950077EF8B /* ViewController.swift */; };
		D03056C622D6C4950077EF8B /* Main.storyboard in Resources */ = {isa = PBXBuildFile; fileRef = D03056C422D6C4950077EF8B /* Main.storyboard */; };
		D03056C822D6C4960077EF8B /* Assets.xcassets in Resources */ = {isa = PBXBuildFile; fileRef = D03056C722D6C4960077EF8B /* Assets.xcassets */; };
		D03056CB22D6C4960077EF8B /* LaunchScreen.storyboard in Resources */ = {isa = PBXBuildFile; fileRef = D03056C922D6C4960077EF8B /* LaunchScreen.storyboard */; };
		D03056E422D6C4F30077EF8B /* like_exist@2x.png in Resources */ = {isa = PBXBuildFile; fileRef = D03056D222D6C4F30077EF8B /* like_exist@2x.png */; };
		D03056E522D6C4F30077EF8B /* camera.png in Resources */ = {isa = PBXBuildFile; fileRef = D03056D322D6C4F30077EF8B /* camera.png */; };
		D03056E622D6C4F30077EF8B /* like_exist@3x.png in Resources */ = {isa = PBXBuildFile; fileRef = D03056D422D6C4F30077EF8B /* like_exist@3x.png */; };
		D03056E722D6C4F30077EF8B /* setting@3x.png in Resources */ = {isa = PBXBuildFile; fileRef = D03056D522D6C4F30077EF8B /* setting@3x.png */; };
		D03056E822D6C4F30077EF8B /* setting.png in Resources */ = {isa = PBXBuildFile; fileRef = D03056D622D6C4F30077EF8B /* setting.png */; };
		D03056E922D6C4F30077EF8B /* camera@3x.png in Resources */ = {isa = PBXBuildFile; fileRef = D03056D722D6C4F30077EF8B /* camera@3x.png */; };
		D03056EA22D6C4F30077EF8B /* btn@2x.png in Resources */ = {isa = PBXBuildFile; fileRef = D03056D822D6C4F30077EF8B /* btn@2x.png */; };
		D03056EB22D6C4F30077EF8B /* btn.png in Resources */ = {isa = PBXBuildFile; fileRef = D03056D922D6C4F30077EF8B /* btn.png */; };
		D03056EC22D6C4F30077EF8B /* camera@2x.png in Resources */ = {isa = PBXBuildFile; fileRef = D03056DA22D6C4F30077EF8B /* camera@2x.png */; };
		D03056ED22D6C4F30077EF8B /* like_none@2x.png in Resources */ = {isa = PBXBuildFile; fileRef = D03056DB22D6C4F30077EF8B /* like_none@2x.png */; };
		D03056EE22D6C4F30077EF8B /* home@3x.png in Resources */ = {isa = PBXBuildFile; fileRef = D03056DC22D6C4F30077EF8B /* home@3x.png */; };
		D03056EF22D6C4F30077EF8B /* btn@3x.png in Resources */ = {isa = PBXBuildFile; fileRef = D03056DD22D6C4F30077EF8B /* btn@3x.png */; };
		D03056F022D6C4F30077EF8B /* home@2x.png in Resources */ = {isa = PBXBuildFile; fileRef = D03056DE22D6C4F30077EF8B /* home@2x.png */; };
		D03056F122D6C4F30077EF8B /* like_exist.png in Resources */ = {isa = PBXBuildFile; fileRef = D03056DF22D6C4F30077EF8B /* like_exist.png */; };
		D03056F222D6C4F30077EF8B /* home.png in Resources */ = {isa = PBXBuildFile; fileRef = D03056E022D6C4F30077EF8B /* home.png */; };
		D03056F322D6C4F30077EF8B /* like_none.png in Resources */ = {isa = PBXBuildFile; fileRef = D03056E122D6C4F30077EF8B /* like_none.png */; };
		D03056F422D6C4F30077EF8B /* setting@2x.png in Resources */ = {isa = PBXBuildFile; fileRef = D03056E222D6C4F30077EF8B /* setting@2x.png */; };
		D03056F522D6C4F30077EF8B /* like_none@3x.png in Resources */ = {isa = PBXBuildFile; fileRef = D03056E322D6C4F30077EF8B /* like_none@3x.png */; };
		D03056F722D6C5C10077EF8B /* LoginViewController.swift in Sources */ = {isa = PBXBuildFile; fileRef = D03056F622D6C5C10077EF8B /* LoginViewController.swift */; };
		D03056F922D6C5DC0077EF8B /* HomeViewController.swift in Sources */ = {isa = PBXBuildFile; fileRef = D03056F822D6C5DC0077EF8B /* HomeViewController.swift */; };
		D03056FB22D6C5FD0077EF8B /* ImageSelectViewController.swift in Sources */ = {isa = PBXBuildFile; fileRef = D03056FA22D6C5FD0077EF8B /* ImageSelectViewController.swift */; };
		D03056FD22D6C60E0077EF8B /* PostViewController.swift in Sources */ = {isa = PBXBuildFile; fileRef = D03056FC22D6C60E0077EF8B /* PostViewController.swift */; };
		D03056FF22D6C6220077EF8B /* SettingViewController.swift in Sources */ = {isa = PBXBuildFile; fileRef = D03056FE22D6C6220077EF8B /* SettingViewController.swift */; };
		D065322022D906D40088BF04 /* Const.swift in Sources */ = {isa = PBXBuildFile; fileRef = D065321F22D906D40088BF04 /* Const.swift */; };
		D065322222D90A2A0088BF04 /* PostDate.swift in Sources */ = {isa = PBXBuildFile; fileRef = D065322122D90A2A0088BF04 /* PostDate.swift */; };
		D065322522D90BD90088BF04 /* PostTableViewCell.swift in Sources */ = {isa = PBXBuildFile; fileRef = D065322322D90BD90088BF04 /* PostTableViewCell.swift */; };
		D065322622D90BD90088BF04 /* PostTableViewCell.xib in Resources */ = {isa = PBXBuildFile; fileRef = D065322422D90BD90088BF04 /* PostTableViewCell.xib */; };
		D0C384AD22DB6B1600ADDC95 /* GoogleService-Info.plist in Resources */ = {isa = PBXBuildFile; fileRef = D0C384AC22DB6B1600ADDC95 /* GoogleService-Info.plist */; };
		FE546B41207BB98D4FE9EACA /* Pods_instagram.framework in Frameworks */ = {isa = PBXBuildFile; fileRef = 146BCC5D3FCAD82933135B42 /* Pods_instagram.framework */; };
/* End PBXBuildFile section */

/* Begin PBXFileReference section */
		146BCC5D3FCAD82933135B42 /* Pods_instagram.framework */ = {isa = PBXFileReference; explicitFileType = wrapper.framework; includeInIndex = 0; path = Pods_instagram.framework; sourceTree = BUILT_PRODUCTS_DIR; };
		9C159E9E51939D55737123AA /* Pods-instagram.release.xcconfig */ = {isa = PBXFileReference; includeInIndex = 1; lastKnownFileType = text.xcconfig; name = "Pods-instagram.release.xcconfig"; path = "Target Support Files/Pods-instagram/Pods-instagram.release.xcconfig"; sourceTree = "<group>"; };
		D01B164E22DB99A400C692A6 /* CommentDate.swift */ = {isa = PBXFileReference; lastKnownFileType = sourcecode.swift; path = CommentDate.swift; sourceTree = "<group>"; };
		D03056BD22D6C4950077EF8B /* instagram.app */ = {isa = PBXFileReference; explicitFileType = wrapper.application; includeInIndex = 0; path = instagram.app; sourceTree = BUILT_PRODUCTS_DIR; };
		D03056C022D6C4950077EF8B /* AppDelegate.swift */ = {isa = PBXFileReference; lastKnownFileType = sourcecode.swift; path = AppDelegate.swift; sourceTree = "<group>"; };
		D03056C222D6C4950077EF8B /* ViewController.swift */ = {isa = PBXFileReference; lastKnownFileType = sourcecode.swift; path = ViewController.swift; sourceTree = "<group>"; };
		D03056C522D6C4950077EF8B /* Base */ = {isa = PBXFileReference; lastKnownFileType = file.storyboard; name = Base; path = Base.lproj/Main.storyboard; sourceTree = "<group>"; };
		D03056C722D6C4960077EF8B /* Assets.xcassets */ = {isa = PBXFileReference; lastKnownFileType = folder.assetcatalog; path = Assets.xcassets; sourceTree = "<group>"; };
		D03056CA22D6C4960077EF8B /* Base */ = {isa = PBXFileReference; lastKnownFileType = file.storyboard; name = Base; path = Base.lproj/LaunchScreen.storyboard; sourceTree = "<group>"; };
		D03056CC22D6C4960077EF8B /* Info.plist */ = {isa = PBXFileReference; lastKnownFileType = text.plist.xml; path = Info.plist; sourceTree = "<group>"; };
		D03056D222D6C4F30077EF8B /* like_exist@2x.png */ = {isa = PBXFileReference; lastKnownFileType = image.png; path = "like_exist@2x.png"; sourceTree = "<group>"; };
		D03056D322D6C4F30077EF8B /* camera.png */ = {isa = PBXFileReference; lastKnownFileType = image.png; path = camera.png; sourceTree = "<group>"; };
		D03056D422D6C4F30077EF8B /* like_exist@3x.png */ = {isa = PBXFileReference; lastKnownFileType = image.png; path = "like_exist@3x.png"; sourceTree = "<group>"; };
		D03056D522D6C4F30077EF8B /* setting@3x.png */ = {isa = PBXFileReference; lastKnownFileType = image.png; path = "setting@3x.png"; sourceTree = "<group>"; };
		D03056D622D6C4F30077EF8B /* setting.png */ = {isa = PBXFileReference; lastKnownFileType = image.png; path = setting.png; sourceTree = "<group>"; };
		D03056D722D6C4F30077EF8B /* camera@3x.png */ = {isa = PBXFileReference; lastKnownFileType = image.png; path = "camera@3x.png"; sourceTree = "<group>"; };
		D03056D822D6C4F30077EF8B /* btn@2x.png */ = {isa = PBXFileReference; lastKnownFileType = image.png; path = "btn@2x.png"; sourceTree = "<group>"; };
		D03056D922D6C4F30077EF8B /* btn.png */ = {isa = PBXFileReference; lastKnownFileType = image.png; path = btn.png; sourceTree = "<group>"; };
		D03056DA22D6C4F30077EF8B /* camera@2x.png */ = {isa = PBXFileReference; lastKnownFileType = image.png; path = "camera@2x.png"; sourceTree = "<group>"; };
		D03056DB22D6C4F30077EF8B /* like_none@2x.png */ = {isa = PBXFileReference; lastKnownFileType = image.png; path = "like_none@2x.png"; sourceTree = "<group>"; };
		D03056DC22D6C4F30077EF8B /* home@3x.png */ = {isa = PBXFileReference; lastKnownFileType = image.png; path = "home@3x.png"; sourceTree = "<group>"; };
		D03056DD22D6C4F30077EF8B /* btn@3x.png */ = {isa = PBXFileReference; lastKnownFileType = image.png; path = "btn@3x.png"; sourceTree = "<group>"; };
		D03056DE22D6C4F30077EF8B /* home@2x.png */ = {isa = PBXFileReference; lastKnownFileType = image.png; path = "home@2x.png"; sourceTree = "<group>"; };
		D03056DF22D6C4F30077EF8B /* like_exist.png */ = {isa = PBXFileReference; lastKnownFileType = image.png; path = like_exist.png; sourceTree = "<group>"; };
		D03056E022D6C4F30077EF8B /* home.png */ = {isa = PBXFileReference; lastKnownFileType = image.png; path = home.png; sourceTree = "<group>"; };
		D03056E122D6C4F30077EF8B /* like_none.png */ = {isa = PBXFileReference; lastKnownFileType = image.png; path = like_none.png; sourceTree = "<group>"; };
		D03056E222D6C4F30077EF8B /* setting@2x.png */ = {isa = PBXFileReference; lastKnownFileType = image.png; path = "setting@2x.png"; sourceTree = "<group>"; };
		D03056E322D6C4F30077EF8B /* like_none@3x.png */ = {isa = PBXFileReference; lastKnownFileType = image.png; path = "like_none@3x.png"; sourceTree = "<group>"; };
		D03056F622D6C5C10077EF8B /* LoginViewController.swift */ = {isa = PBXFileReference; lastKnownFileType = sourcecode.swift; path = LoginViewController.swift; sourceTree = "<group>"; };
		D03056F822D6C5DC0077EF8B /* HomeViewController.swift */ = {isa = PBXFileReference; lastKnownFileType = sourcecode.swift; path = HomeViewController.swift; sourceTree = "<group>"; };
		D03056FA22D6C5FD0077EF8B /* ImageSelectViewController.swift */ = {isa = PBXFileReference; lastKnownFileType = sourcecode.swift; path = ImageSelectViewController.swift; sourceTree = "<group>"; };
		D03056FC22D6C60E0077EF8B /* PostViewController.swift */ = {isa = PBXFileReference; lastKnownFileType = sourcecode.swift; path = PostViewController.swift; sourceTree = "<group>"; };
		D03056FE22D6C6220077EF8B /* SettingViewController.swift */ = {isa = PBXFileReference; lastKnownFileType = sourcecode.swift; path = SettingViewController.swift; sourceTree = "<group>"; };
		D065321F22D906D40088BF04 /* Const.swift */ = {isa = PBXFileReference; lastKnownFileType = sourcecode.swift; path = Const.swift; sourceTree = "<group>"; };
		D065322122D90A2A0088BF04 /* PostDate.swift */ = {isa = PBXFileReference; lastKnownFileType = sourcecode.swift; path = PostDate.swift; sourceTree = "<group>"; };
		D065322322D90BD90088BF04 /* PostTableViewCell.swift */ = {isa = PBXFileReference; lastKnownFileType = sourcecode.swift; path = PostTableViewCell.swift; sourceTree = "<group>"; };
		D065322422D90BD90088BF04 /* PostTableViewCell.xib */ = {isa = PBXFileReference; lastKnownFileType = file.xib; path = PostTableViewCell.xib; sourceTree = "<group>"; };
		D0C384AC22DB6B1600ADDC95 /* GoogleService-Info.plist */ = {isa = PBXFileReference; fileEncoding = 4; lastKnownFileType = text.plist.xml; path = "GoogleService-Info.plist"; sourceTree = "<group>"; };
		D22D0D4E46931E68D79E0E62 /* Pods-instagram.debug.xcconfig */ = {isa = PBXFileReference; includeInIndex = 1; lastKnownFileType = text.xcconfig; name = "Pods-instagram.debug.xcconfig"; path = "Target Support Files/Pods-instagram/Pods-instagram.debug.xcconfig"; sourceTree = "<group>"; };
/* End PBXFileReference section */

/* Begin PBXFrameworksBuildPhase section */
		D03056BA22D6C4950077EF8B /* Frameworks */ = {
			isa = PBXFrameworksBuildPhase;
			buildActionMask = 2147483647;
			files = (
				FE546B41207BB98D4FE9EACA /* Pods_instagram.framework in Frameworks */,
			);
			runOnlyForDeploymentPostprocessing = 0;
		};
/* End PBXFrameworksBuildPhase section */

/* Begin PBXGroup section */
		5540BEB2C0C12E52BD9093F1 /* Frameworks */ = {
			isa = PBXGroup;
			children = (
				146BCC5D3FCAD82933135B42 /* Pods_instagram.framework */,
			);
			name = Frameworks;
			sourceTree = "<group>";
		};
		83076002F399AF064F071FDF /* Pods */ = {
			isa = PBXGroup;
			children = (
				D22D0D4E46931E68D79E0E62 /* Pods-instagram.debug.xcconfig */,
				9C159E9E51939D55737123AA /* Pods-instagram.release.xcconfig */,
			);
			path = Pods;
			sourceTree = "<group>";
		};
		D03056B422D6C4950077EF8B = {
			isa = PBXGroup;
			children = (
				D03056BF22D6C4950077EF8B /* instagram */,
				D03056BE22D6C4950077EF8B /* Products */,
				83076002F399AF064F071FDF /* Pods */,
				5540BEB2C0C12E52BD9093F1 /* Frameworks */,
			);
			sourceTree = "<group>";
		};
		D03056BE22D6C4950077EF8B /* Products */ = {
			isa = PBXGroup;
			children = (
				D03056BD22D6C4950077EF8B /* instagram.app */,
			);
			name = Products;
			sourceTree = "<group>";
		};
		D03056BF22D6C4950077EF8B /* instagram */ = {
			isa = PBXGroup;
			children = (
				D0C384AC22DB6B1600ADDC95 /* GoogleService-Info.plist */,
				D03056C022D6C4950077EF8B /* AppDelegate.swift */,
				D01B164E22DB99A400C692A6 /* CommentDate.swift */,
				D03056C222D6C4950077EF8B /* ViewController.swift */,
				D03056C422D6C4950077EF8B /* Main.storyboard */,
				D065321F22D906D40088BF04 /* Const.swift */,
				D03056FE22D6C6220077EF8B /* SettingViewController.swift */,
				D065322122D90A2A0088BF04 /* PostDate.swift */,
				D03056FC22D6C60E0077EF8B /* PostViewController.swift */,
				D065322322D90BD90088BF04 /* PostTableViewCell.swift */,
				D065322422D90BD90088BF04 /* PostTableViewCell.xib */,
				D03056FA22D6C5FD0077EF8B /* ImageSelectViewController.swift */,
				D03056F822D6C5DC0077EF8B /* HomeViewController.swift */,
				D03056F622D6C5C10077EF8B /* LoginViewController.swift */,
				D03056C722D6C4960077EF8B /* Assets.xcassets */,
				D03056D922D6C4F30077EF8B /* btn.png */,
				D03056D822D6C4F30077EF8B /* btn@2x.png */,
				D03056DD22D6C4F30077EF8B /* btn@3x.png */,
				D03056D322D6C4F30077EF8B /* camera.png */,
				D03056DA22D6C4F30077EF8B /* camera@2x.png */,
				D03056D722D6C4F30077EF8B /* camera@3x.png */,
				D03056E022D6C4F30077EF8B /* home.png */,
				D03056DE22D6C4F30077EF8B /* home@2x.png */,
				D03056DC22D6C4F30077EF8B /* home@3x.png */,
				D03056DF22D6C4F30077EF8B /* like_exist.png */,
				D03056D222D6C4F30077EF8B /* like_exist@2x.png */,
				D03056D422D6C4F30077EF8B /* like_exist@3x.png */,
				D03056E122D6C4F30077EF8B /* like_none.png */,
				D03056DB22D6C4F30077EF8B /* like_none@2x.png */,
				D03056E322D6C4F30077EF8B /* like_none@3x.png */,
				D03056D622D6C4F30077EF8B /* setting.png */,
				D03056E222D6C4F30077EF8B /* setting@2x.png */,
				D03056D522D6C4F30077EF8B /* setting@3x.png */,
				D03056C922D6C4960077EF8B /* LaunchScreen.storyboard */,
				D03056CC22D6C4960077EF8B /* Info.plist */,
			);
			path = instagram;
			sourceTree = "<group>";
		};
/* End PBXGroup section */

/* Begin PBXNativeTarget section */
		D03056BC22D6C4950077EF8B /* instagram */ = {
			isa = PBXNativeTarget;
			buildConfigurationList = D03056CF22D6C4960077EF8B /* Build configuration list for PBXNativeTarget "instagram" */;
			buildPhases = (
				971083F6975E81CE55A17FF1 /* [CP] Check Pods Manifest.lock */,
				D03056B922D6C4950077EF8B /* Sources */,
				D03056BA22D6C4950077EF8B /* Frameworks */,
				D03056BB22D6C4950077EF8B /* Resources */,
				23D22C5E25E50571046D1D08 /* [CP] Embed Pods Frameworks */,
			);
			buildRules = (
			);
			dependencies = (
			);
			name = instagram;
			productName = instagram;
			productReference = D03056BD22D6C4950077EF8B /* instagram.app */;
			productType = "com.apple.product-type.application";
		};
/* End PBXNativeTarget section */

/* Begin PBXProject section */
		D03056B522D6C4950077EF8B /* Project object */ = {
			isa = PBXProject;
			attributes = {
				LastSwiftUpdateCheck = 1020;
				LastUpgradeCheck = 1020;
				ORGANIZATIONNAME = shinji.misaka;
				TargetAttributes = {
					D03056BC22D6C4950077EF8B = {
						CreatedOnToolsVersion = 10.2.1;
					};
				};
			};
			buildConfigurationList = D03056B822D6C4950077EF8B /* Build configuration list for PBXProject "instagram" */;
			compatibilityVersion = "Xcode 9.3";
			developmentRegion = en;
			hasScannedForEncodings = 0;
			knownRegions = (
				en,
				Base,
			);
			mainGroup = D03056B422D6C4950077EF8B;
			productRefGroup = D03056BE22D6C4950077EF8B /* Products */;
			projectDirPath = "";
			projectRoot = "";
			targets = (
				D03056BC22D6C4950077EF8B /* instagram */,
			);
		};
/* End PBXProject section */

/* Begin PBXResourcesBuildPhase section */
		D03056BB22D6C4950077EF8B /* Resources */ = {
			isa = PBXResourcesBuildPhase;
			buildActionMask = 2147483647;
			files = (
				D03056CB22D6C4960077EF8B /* LaunchScreen.storyboard in Resources */,
				D03056F022D6C4F30077EF8B /* home@2x.png in Resources */,
				D03056F222D6C4F30077EF8B /* home.png in Resources */,
				D03056C822D6C4960077EF8B /* Assets.xcassets in Resources */,
				D03056E922D6C4F30077EF8B /* camera@3x.png in Resources */,
				D03056EA22D6C4F30077EF8B /* btn@2x.png in Resources */,
				D03056C622D6C4950077EF8B /* Main.storyboard in Resources */,
				D03056E722D6C4F30077EF8B /* setting@3x.png in Resources */,
				D03056F322D6C4F30077EF8B /* like_none.png in Resources */,
				D03056F422D6C4F30077EF8B /* setting@2x.png in Resources */,
				D03056F522D6C4F30077EF8B /* like_none@3x.png in Resources */,
				D03056F122D6C4F30077EF8B /* like_exist.png in Resources */,
				D03056EE22D6C4F30077EF8B /* home@3x.png in Resources */,
				D03056E822D6C4F30077EF8B /* setting.png in Resources */,
				D03056EF22D6C4F30077EF8B /* btn@3x.png in Resources */,
				D03056E422D6C4F30077EF8B /* like_exist@2x.png in Resources */,
				D03056E622D6C4F30077EF8B /* like_exist@3x.png in Resources */,
				D03056E522D6C4F30077EF8B /* camera.png in Resources */,
				D03056ED22D6C4F30077EF8B /* like_none@2x.png in Resources */,
				D0C384AD22DB6B1600ADDC95 /* GoogleService-Info.plist in Resources */,
				D065322622D90BD90088BF04 /* PostTableViewCell.xib in Resources */,
				D03056EB22D6C4F30077EF8B /* btn.png in Resources */,
				D03056EC22D6C4F30077EF8B /* camera@2x.png in Resources */,
			);
			runOnlyForDeploymentPostprocessing = 0;
		};
/* End PBXResourcesBuildPhase section */

/* Begin PBXShellScriptBuildPhase section */
		23D22C5E25E50571046D1D08 /* [CP] Embed Pods Frameworks */ = {
			isa = PBXShellScriptBuildPhase;
			buildActionMask = 2147483647;
			files = (
			);
			inputFileListPaths = (
				"${PODS_ROOT}/Target Support Files/Pods-instagram/Pods-instagram-frameworks-${CONFIGURATION}-input-files.xcfilelist",
			);
			name = "[CP] Embed Pods Frameworks";
			outputFileListPaths = (
				"${PODS_ROOT}/Target Support Files/Pods-instagram/Pods-instagram-frameworks-${CONFIGURATION}-output-files.xcfilelist",
			);
			runOnlyForDeploymentPostprocessing = 0;
			shellPath = /bin/sh;
			shellScript = "\"${PODS_ROOT}/Target Support Files/Pods-instagram/Pods-instagram-frameworks.sh\"\n";
			showEnvVarsInLog = 0;
		};
		971083F6975E81CE55A17FF1 /* [CP] Check Pods Manifest.lock */ = {
			isa = PBXShellScriptBuildPhase;
			buildActionMask = 2147483647;
			files = (
			);
			inputFileListPaths = (
			);
			inputPaths = (
				"${PODS_PODFILE_DIR_PATH}/Podfile.lock",
				"${PODS_ROOT}/Manifest.lock",
			);
			name = "[CP] Check Pods Manifest.lock";
			outputFileListPaths = (
			);
			outputPaths = (
				"$(DERIVED_FILE_DIR)/Pods-instagram-checkManifestLockResult.txt",
			);
			runOnlyForDeploymentPostprocessing = 0;
			shellPath = /bin/sh;
			shellScript = "diff \"${PODS_PODFILE_DIR_PATH}/Podfile.lock\" \"${PODS_ROOT}/Manifest.lock\" > /dev/null\nif [ $? != 0 ] ; then\n    # print error to STDERR\n    echo \"error: The sandbox is not in sync with the Podfile.lock. Run 'pod install' or update your CocoaPods installation.\" >&2\n    exit 1\nfi\n# This output is used by Xcode 'outputs' to avoid re-running this script phase.\necho \"SUCCESS\" > \"${SCRIPT_OUTPUT_FILE_0}\"\n";
			showEnvVarsInLog = 0;
		};
/* End PBXShellScriptBuildPhase section */

/* Begin PBXSourcesBuildPhase section */
		D03056B922D6C4950077EF8B /* Sources */ = {
			isa = PBXSourcesBuildPhase;
			buildActionMask = 2147483647;
			files = (
				D065322522D90BD90088BF04 /* PostTableViewCell.swift in Sources */,
				D03056FD22D6C60E0077EF8B /* PostViewController.swift in Sources */,
				D065322222D90A2A0088BF04 /* PostDate.swift in Sources */,
				D03056F722D6C5C10077EF8B /* LoginViewController.swift in Sources */,
				D03056C322D6C4950077EF8B /* ViewController.swift in Sources */,
				D03056C122D6C4950077EF8B /* AppDelegate.swift in Sources */,
				D03056FB22D6C5FD0077EF8B /* ImageSelectViewController.swift in Sources */,
				D065322022D906D40088BF04 /* Const.swift in Sources */,
				D01B164F22DB99A400C692A6 /* CommentDate.swift in Sources */,
				D03056FF22D6C6220077EF8B /* SettingViewController.swift in Sources */,
				D03056F922D6C5DC0077EF8B /* HomeViewController.swift in Sources */,
			);
			runOnlyForDeploymentPostprocessing = 0;
		};
/* End PBXSourcesBuildPhase section */

/* Begin PBXVariantGroup section */
		D03056C422D6C4950077EF8B /* Main.storyboard */ = {
			isa = PBXVariantGroup;
			children = (
				D03056C522D6C4950077EF8B /* Base */,
			);
			name = Main.storyboard;
			sourceTree = "<group>";
		};
		D03056C922D6C4960077EF8B /* LaunchScreen.storyboard */ = {
			isa = PBXVariantGroup;
			children = (
				D03056CA22D6C4960077EF8B /* Base */,
			);
			name = LaunchScreen.storyboard;
			sourceTree = "<group>";
		};
/* End PBXVariantGroup section */

/* Begin XCBuildConfiguration section */
		D03056CD22D6C4960077EF8B /* Debug */ = {
			isa = XCBuildConfiguration;
			buildSettings = {
				ALWAYS_SEARCH_USER_PATHS = NO;
				CLANG_ANALYZER_NONNULL = YES;
				CLANG_ANALYZER_NUMBER_OBJECT_CONVERSION = YES_AGGRESSIVE;
				CLANG_CXX_LANGUAGE_STANDARD = "gnu++14";
				CLANG_CXX_LIBRARY = "libc++";
				CLANG_ENABLE_MODULES = YES;
				CLANG_ENABLE_OBJC_ARC = YES;
				CLANG_ENABLE_OBJC_WEAK = YES;
				CLANG_WARN_BLOCK_CAPTURE_AUTORELEASING = YES;
				CLANG_WARN_BOOL_CONVERSION = YES;
				CLANG_WARN_COMMA = YES;
				CLANG_WARN_CONSTANT_CONVERSION = YES;
				CLANG_WARN_DEPRECATED_OBJC_IMPLEMENTATIONS = YES;
				CLANG_WARN_DIRECT_OBJC_ISA_USAGE = YES_ERROR;
				CLANG_WARN_DOCUMENTATION_COMMENTS = YES;
				CLANG_WARN_EMPTY_BODY = YES;
				CLANG_WARN_ENUM_CONVERSION = YES;
				CLANG_WARN_INFINITE_RECURSION = YES;
				CLANG_WARN_INT_CONVERSION = YES;
				CLANG_WARN_NON_LITERAL_NULL_CONVERSION = YES;
				CLANG_WARN_OBJC_IMPLICIT_RETAIN_SELF = YES;
				CLANG_WARN_OBJC_LITERAL_CONVERSION = YES;
				CLANG_WARN_OBJC_ROOT_CLASS = YES_ERROR;
				CLANG_WARN_RANGE_LOOP_ANALYSIS = YES;
				CLANG_WARN_STRICT_PROTOTYPES = YES;
				CLANG_WARN_SUSPICIOUS_MOVE = YES;
				CLANG_WARN_UNGUARDED_AVAILABILITY = YES_AGGRESSIVE;
				CLANG_WARN_UNREACHABLE_CODE = YES;
				CLANG_WARN__DUPLICATE_METHOD_MATCH = YES;
				CODE_SIGN_IDENTITY = "iPhone Developer";
				COPY_PHASE_STRIP = NO;
				DEBUG_INFORMATION_FORMAT = dwarf;
				ENABLE_STRICT_OBJC_MSGSEND = YES;
				ENABLE_TESTABILITY = YES;
				GCC_C_LANGUAGE_STANDARD = gnu11;
				GCC_DYNAMIC_NO_PIC = NO;
				GCC_NO_COMMON_BLOCKS = YES;
				GCC_OPTIMIZATION_LEVEL = 0;
				GCC_PREPROCESSOR_DEFINITIONS = (
					"DEBUG=1",
					"$(inherited)",
				);
				GCC_WARN_64_TO_32_BIT_CONVERSION = YES;
				GCC_WARN_ABOUT_RETURN_TYPE = YES_ERROR;
				GCC_WARN_UNDECLARED_SELECTOR = YES;
				GCC_WARN_UNINITIALIZED_AUTOS = YES_AGGRESSIVE;
				GCC_WARN_UNUSED_FUNCTION = YES;
				GCC_WARN_UNUSED_VARIABLE = YES;
				IPHONEOS_DEPLOYMENT_TARGET = 12.2;
				MTL_ENABLE_DEBUG_INFO = INCLUDE_SOURCE;
				MTL_FAST_MATH = YES;
				ONLY_ACTIVE_ARCH = YES;
				SDKROOT = iphoneos;
				SWIFT_ACTIVE_COMPILATION_CONDITIONS = DEBUG;
				SWIFT_OPTIMIZATION_LEVEL = "-Onone";
			};
			name = Debug;
		};
		D03056CE22D6C4960077EF8B /* Release */ = {
			isa = XCBuildConfiguration;
			buildSettings = {
				ALWAYS_SEARCH_USER_PATHS = NO;
				CLANG_ANALYZER_NONNULL = YES;
				CLANG_ANALYZER_NUMBER_OBJECT_CONVERSION = YES_AGGRESSIVE;
				CLANG_CXX_LANGUAGE_STANDARD = "gnu++14";
				CLANG_CXX_LIBRARY = "libc++";
				CLANG_ENABLE_MODULES = YES;
				CLANG_ENABLE_OBJC_ARC = YES;
				CLANG_ENABLE_OBJC_WEAK = YES;
				CLANG_WARN_BLOCK_CAPTURE_AUTORELEASING = YES;
				CLANG_WARN_BOOL_CONVERSION = YES;
				CLANG_WARN_COMMA = YES;
				CLANG_WARN_CONSTANT_CONVERSION = YES;
				CLANG_WARN_DEPRECATED_OBJC_IMPLEMENTATIONS = YES;
				CLANG_WARN_DIRECT_OBJC_ISA_USAGE = YES_ERROR;
				CLANG_WARN_DOCUMENTATION_COMMENTS = YES;
				CLANG_WARN_EMPTY_BODY = YES;
				CLANG_WARN_ENUM_CONVERSION = YES;
				CLANG_WARN_INFINITE_RECURSION = YES;
				CLANG_WARN_INT_CONVERSION = YES;
				CLANG_WARN_NON_LITERAL_NULL_CONVERSION = YES;
				CLANG_WARN_OBJC_IMPLICIT_RETAIN_SELF = YES;
				CLANG_WARN_OBJC_LITERAL_CONVERSION = YES;
				CLANG_WARN_OBJC_ROOT_CLASS = YES_ERROR;
				CLANG_WARN_RANGE_LOOP_ANALYSIS = YES;
				CLANG_WARN_STRICT_PROTOTYPES = YES;
				CLANG_WARN_SUSPICIOUS_MOVE = YES;
				CLANG_WARN_UNGUARDED_AVAILABILITY = YES_AGGRESSIVE;
				CLANG_WARN_UNREACHABLE_CODE = YES;
				CLANG_WARN__DUPLICATE_METHOD_MATCH = YES;
				CODE_SIGN_IDENTITY = "iPhone Developer";
				COPY_PHASE_STRIP = NO;
				DEBUG_INFORMATION_FORMAT = "dwarf-with-dsym";
				ENABLE_NS_ASSERTIONS = NO;
				ENABLE_STRICT_OBJC_MSGSEND = YES;
				GCC_C_LANGUAGE_STANDARD = gnu11;
				GCC_NO_COMMON_BLOCKS = YES;
				GCC_WARN_64_TO_32_BIT_CONVERSION = YES;
				GCC_WARN_ABOUT_RETURN_TYPE = YES_ERROR;
				GCC_WARN_UNDECLARED_SELECTOR = YES;
				GCC_WARN_UNINITIALIZED_AUTOS = YES_AGGRESSIVE;
				GCC_WARN_UNUSED_FUNCTION = YES;
				GCC_WARN_UNUSED_VARIABLE = YES;
				IPHONEOS_DEPLOYMENT_TARGET = 12.2;
				MTL_ENABLE_DEBUG_INFO = NO;
				MTL_FAST_MATH = YES;
				SDKROOT = iphoneos;
				SWIFT_COMPILATION_MODE = wholemodule;
				SWIFT_OPTIMIZATION_LEVEL = "-O";
				VALIDATE_PRODUCT = YES;
			};
			name = Release;
		};
		D03056D022D6C4960077EF8B /* Debug */ = {
			isa = XCBuildConfiguration;
			baseConfigurationReference = D22D0D4E46931E68D79E0E62 /* Pods-instagram.debug.xcconfig */;
			buildSettings = {
				ASSETCATALOG_COMPILER_APPICON_NAME = AppIcon;
				CODE_SIGN_STYLE = Automatic;
				DEVELOPMENT_TEAM = R572RCVA7U;
				INFOPLIST_FILE = instagram/Info.plist;
				LD_RUNPATH_SEARCH_PATHS = (
					"$(inherited)",
					"@executable_path/Frameworks",
				);
				PRODUCT_BUNDLE_IDENTIFIER = jp.techacademy.shinji.misaka.instagram;
				PRODUCT_NAME = "$(TARGET_NAME)";
				SWIFT_VERSION = 5.0;
				TARGETED_DEVICE_FAMILY = 1;
			};
			name = Debug;
		};
		D03056D122D6C4960077EF8B /* Release */ = {
			isa = XCBuildConfiguration;
			baseConfigurationReference = 9C159E9E51939D55737123AA /* Pods-instagram.release.xcconfig */;
			buildSettings = {
				ASSETCATALOG_COMPILER_APPICON_NAME = AppIcon;
				CODE_SIGN_STYLE = Automatic;
				DEVELOPMENT_TEAM = R572RCVA7U;
				INFOPLIST_FILE = instagram/Info.plist;
				LD_RUNPATH_SEARCH_PATHS = (
					"$(inherited)",
					"@executable_path/Frameworks",
				);
				PRODUCT_BUNDLE_IDENTIFIER = jp.techacademy.shinji.misaka.instagram;
				PRODUCT_NAME = "$(TARGET_NAME)";
				SWIFT_VERSION = 5.0;
				TARGETED_DEVICE_FAMILY = 1;
			};
			name = Release;
		};
/* End XCBuildConfiguration section */

/* Begin XCConfigurationList section */
		D03056B822D6C4950077EF8B /* Build configuration list for PBXProject "instagram" */ = {
			isa = XCConfigurationList;
			buildConfigurations = (
				D03056CD22D6C4960077EF8B /* Debug */,
				D03056CE22D6C4960077EF8B /* Release */,
			);
			defaultConfigurationIsVisible = 0;
			defaultConfigurationName = Release;
		};
		D03056CF22D6C4960077EF8B /* Build configuration list for PBXNativeTarget "instagram" */ = {
			isa = XCConfigurationList;
			buildConfigurations = (
				D03056D022D6C4960077EF8B /* Debug */,
				D03056D122D6C4960077EF8B /* Release */,
			);
			defaultConfigurationIsVisible = 0;
			defaultConfigurationName = Release;
		};
/* End XCConfigurationList section */
	};
	rootObject = D03056B522D6C4950077EF8B /* Project object */;
}
